
Microsoft Visual Studio Solution File, Format Version 12.00
# Visual Studio Version 16
VisualStudioVersion = 16.0.30204.135
MinimumVisualStudioVersion = 10.0.40219.1
Project("{FAE04EC0-301F-11D3-BF4B-00C04F79EFBC}") = "_18bangMVC", "..\18bangMVC\_18bangMVC.csproj", "{CCD43B2A-4D22-4E8C-A87B-99545AC86851}"
EndProject
Project("{2150E333-8FDC-42A3-9474-1A3956D46DE8}") = "BLL", "BLL", "{3E43B783-23C8-4831-AAD6-8482183C4F46}"
EndProject
Project("{FAE04EC0-301F-11D3-BF4B-00C04F79EFBC}") = "Entities", "..\BLL\Entities\Entities.csproj", "{EB58C98F-ABA3-40D1-A4B0-AAE8564FC139}"
EndProject
Project("{FAE04EC0-301F-11D3-BF4B-00C04F79EFBC}") = "Repositories", "..\BLL\Repositories\Repositories.csproj", "{EA7F28E8-7406-4A89-9B58-B0F2A3566BCF}"
EndProject
Project("{2150E333-8FDC-42A3-9474-1A3956D46DE8}") = "_18bangServices", "_18bangServices", "{408DBCFF-7837-46F0-82D1-CE9754BA8B49}"
EndProject
Project("{2150E333-8FDC-42A3-9474-1A3956D46DE8}") = ".NET Core", ".NET Core", "{6C4003E8-E745-4002-92C8-B360F8E56A42}"
EndProject
Project("{9A19103F-16F7-4668-BE54-9A1E7A4F7556}") = "JavascriptHomework", "..\JavascriptHomework\JavascriptHomework.csproj", "{7E097CAC-374B-46F2-951B-D219DA57EF83}"
EndProject
Project("{9A19103F-16F7-4668-BE54-9A1E7A4F7556}") = "LZBC#", "..\.NET Core\LZBC#\LZBC#.csproj", "{9312A696-6719-4821-9A48-7B333C7DD549}"
EndProject
Project("{9A19103F-16F7-4668-BE54-9A1E7A4F7556}") = "YiQiBang", "..\.NET Core\YiQiBang\YiQiBang.csproj", "{398A895F-2797-4A1C-BE2C-EFA752B66DE0}"
EndProject
Project("{FAE04EC0-301F-11D3-BF4B-00C04F79EFBC}") = "Captcha", "..\.NET Core\Captcha\Captcha.csproj", "{A78A7FF6-2C9C-4305-82AC-C8C374EB881B}"
EndProject
Project("{9A19103F-16F7-4668-BE54-9A1E7A4F7556}") = "MySelf", "..\.NET Core\MySelf\MySelf.csproj", "{5E10E6D7-88F9-412A-9CED-65A779B52934}"
EndProject
Project("{FAE04EC0-301F-11D3-BF4B-00C04F79EFBC}") = "ProdServices", "..\18bangServics\ProdServices\ProdServices.csproj", "{C504EDE4-4066-48BF-A5B3-9F6518001345}"
EndProject
Project("{FAE04EC0-301F-11D3-BF4B-00C04F79EFBC}") = "ViewModel", "..\18bangServics\ViewModel\ViewModel.csproj", "{F1FB88D8-75A8-4726-9D0C-2D7449E4250F}"
EndProject
Global
	GlobalSection(SolutionConfigurationPlatforms) = preSolution
		Debug|Any CPU = Debug|Any CPU
		Release|Any CPU = Release|Any CPU
	EndGlobalSection
	GlobalSection(ProjectConfigurationPlatforms) = postSolution
		{CCD43B2A-4D22-4E8C-A87B-99545AC86851}.Debug|Any CPU.ActiveCfg = Debug|Any CPU
		{CCD43B2A-4D22-4E8C-A87B-99545AC86851}.Debug|Any CPU.Build.0 = Debug|Any CPU
		{CCD43B2A-4D22-4E8C-A87B-99545AC86851}.Release|Any CPU.ActiveCfg = Release|Any CPU
		{CCD43B2A-4D22-4E8C-A87B-99545AC86851}.Release|Any CPU.Build.0 = Release|Any CPU
		{EB58C98F-ABA3-40D1-A4B0-AAE8564FC139}.Debug|Any CPU.ActiveCfg = Debug|Any CPU
		{EB58C98F-ABA3-40D1-A4B0-AAE8564FC139}.Debug|Any CPU.Build.0 = Debug|Any CPU
		{EB58C98F-ABA3-40D1-A4B0-AAE8564FC139}.Release|Any CPU.ActiveCfg = Release|Any CPU
		{EB58C98F-ABA3-40D1-A4B0-AAE8564FC139}.Release|Any CPU.Build.0 = Release|Any CPU
		{EA7F28E8-7406-4A89-9B58-B0F2A3566BCF}.Debug|Any CPU.ActiveCfg = Debug|Any CPU
		{EA7F28E8-7406-4A89-9B58-B0F2A3566BCF}.Debug|Any CPU.Build.0 = Debug|Any CPU
		{EA7F28E8-7406-4A89-9B58-B0F2A3566BCF}.Release|Any CPU.ActiveCfg = Release|Any CPU
		{EA7F28E8-7406-4A89-9B58-B0F2A3566BCF}.Release|Any CPU.Build.0 = Release|Any CPU
		{7E097CAC-374B-46F2-951B-D219DA57EF83}.Debug|Any CPU.ActiveCfg = Debug|Any CPU
		{7E097CAC-374B-46F2-951B-D219DA57EF83}.Debug|Any CPU.Build.0 = Debug|Any CPU
		{7E097CAC-374B-46F2-951B-D219DA57EF83}.Release|Any CPU.ActiveCfg = Release|Any CPU
		{7E097CAC-374B-46F2-951B-D219DA57EF83}.Release|Any CPU.Build.0 = Release|Any CPU
		{9312A696-6719-4821-9A48-7B333C7DD549}.Debug|Any CPU.ActiveCfg = Debug|Any CPU
		{9312A696-6719-4821-9A48-7B333C7DD549}.Debug|Any CPU.Build.0 = Debug|Any CPU
		{9312A696-6719-4821-9A48-7B333C7DD549}.Release|Any CPU.ActiveCfg = Release|Any CPU
		{9312A696-6719-4821-9A48-7B333C7DD549}.Release|Any CPU.Build.0 = Release|Any CPU
		{398A895F-2797-4A1C-BE2C-EFA752B66DE0}.Debug|Any CPU.ActiveCfg = Debug|Any CPU
		{398A895F-2797-4A1C-BE2C-EFA752B66DE0}.Debug|Any CPU.Build.0 = Debug|Any CPU
		{398A895F-2797-4A1C-BE2C-EFA752B66DE0}.Release|Any CPU.ActiveCfg = Release|Any CPU
		{398A895F-2797-4A1C-BE2C-EFA752B66DE0}.Release|Any CPU.Build.0 = Release|Any CPU
		{A78A7FF6-2C9C-4305-82AC-C8C374EB881B}.Debug|Any CPU.ActiveCfg = Debug|Any CPU
		{A78A7FF6-2C9C-4305-82AC-C8C374EB881B}.Debug|Any CPU.Build.0 = Debug|Any CPU
		{A78A7FF6-2C9C-4305-82AC-C8C374EB881B}.Release|Any CPU.ActiveCfg = Release|Any CPU
		{A78A7FF6-2C9C-4305-82AC-C8C374EB881B}.Release|Any CPU.Build.0 = Release|Any CPU
		{5E10E6D7-88F9-412A-9CED-65A779B52934}.Debug|Any CPU.ActiveCfg = Debug|Any CPU
		{5E10E6D7-88F9-412A-9CED-65A779B52934}.Debug|Any CPU.Build.0 = Debug|Any CPU
		{5E10E6D7-88F9-412A-9CED-65A779B52934}.Release|Any CPU.ActiveCfg = Release|Any CPU
		{5E10E6D7-88F9-412A-9CED-65A779B52934}.Release|Any CPU.Build.0 = Release|Any CPU
		{C504EDE4-4066-48BF-A5B3-9F6518001345}.Debug|Any CPU.ActiveCfg = Debug|Any CPU
		{C504EDE4-4066-48BF-A5B3-9F6518001345}.Debug|Any CPU.Build.0 = Debug|Any CPU
		{C504EDE4-4066-48BF-A5B3-9F6518001345}.Release|Any CPU.ActiveCfg = Release|Any CPU
		{C504EDE4-4066-48BF-A5B3-9F6518001345}.Release|Any CPU.Build.0 = Release|Any CPU
		{F1FB88D8-75A8-4726-9D0C-2D7449E4250F}.Debug|Any CPU.ActiveCfg = Debug|Any CPU
		{F1FB88D8-75A8-4726-9D0C-2D7449E4250F}.Debug|Any CPU.Build.0 = Debug|Any CPU
		{F1FB88D8-75A8-4726-9D0C-2D7449E4250F}.Release|Any CPU.ActiveCfg = Release|Any CPU
		{F1FB88D8-75A8-4726-9D0C-2D7449E4250F}.Release|Any CPU.Build.0 = Release|Any CPU
	EndGlobalSection
	GlobalSection(SolutionProperties) = preSolution
		HideSolutionNode = FALSE
	EndGlobalSection
	GlobalSection(NestedProjects) = preSolution
		{EB58C98F-ABA3-40D1-A4B0-AAE8564FC139} = {3E43B783-23C8-4831-AAD6-8482183C4F46}
		{EA7F28E8-7406-4A89-9B58-B0F2A3566BCF} = {3E43B783-23C8-4831-AAD6-8482183C4F46}
		{9312A696-6719-4821-9A48-7B333C7DD549} = {6C4003E8-E745-4002-92C8-B360F8E56A42}
		{398A895F-2797-4A1C-BE2C-EFA752B66DE0} = {6C4003E8-E745-4002-92C8-B360F8E56A42}
		{A78A7FF6-2C9C-4305-82AC-C8C374EB881B} = {6C4003E8-E745-4002-92C8-B360F8E56A42}
		{5E10E6D7-88F9-412A-9CED-65A779B52934} = {6C4003E8-E745-4002-92C8-B360F8E56A42}
		{C504EDE4-4066-48BF-A5B3-9F6518001345} = {408DBCFF-7837-46F0-82D1-CE9754BA8B49}
		{F1FB88D8-75A8-4726-9D0C-2D7449E4250F} = {408DBCFF-7837-46F0-82D1-CE9754BA8B49}
	EndGlobalSection
	GlobalSection(ExtensibilityGlobals) = postSolution
		SolutionGuid = {64B8F08F-AE35-415B-A56B-3282A16E7652}
	EndGlobalSection
EndGlobal
