
Microsoft Visual Studio Solution File, Format Version 12.00
# Visual Studio Version 16
VisualStudioVersion = 16.0.30204.135
MinimumVisualStudioVersion = 10.0.40219.1
Project("{9A19103F-16F7-4668-BE54-9A1E7A4F7556}") = "17bang", "17bang.csproj", "{FCDB7682-83B9-4E39-93E6-F10682AFBBAE}"
EndProject
Project("{9A19103F-16F7-4668-BE54-9A1E7A4F7556}") = "MySelf", "..\MySelf\MySelf.csproj", "{A4FB803D-26D1-4CFA-A79A-AA9743FCF5FC}"
EndProject
Project("{9A19103F-16F7-4668-BE54-9A1E7A4F7556}") = "NUnitTestProject1", "..\NUnitTestProject1\NUnitTestProject1.csproj", "{F9F567A5-9433-418D-AFA9-C8D51F8871B4}"
EndProject
Project("{9A19103F-16F7-4668-BE54-9A1E7A4F7556}") = "LZBC#", "..\LZBC#\LZBC#.csproj", "{E645E33A-2468-44BD-B239-3F56875B343E}"
EndProject
Project("{FAE04EC0-301F-11D3-BF4B-00C04F79EFBC}") = "Captcha", "..\Captcha\Captcha.csproj", "{A78A7FF6-2C9C-4305-82AC-C8C374EB881B}"
EndProject
Project("{FAE04EC0-301F-11D3-BF4B-00C04F79EFBC}") = "YiQiBang", "..\YiQiBang\YiQiBang.csproj", "{5A86DE3A-1B46-4B2C-9AB9-C3BD696878CF}"
EndProject
Global
	GlobalSection(SolutionConfigurationPlatforms) = preSolution
		Debug|Any CPU = Debug|Any CPU
		Release|Any CPU = Release|Any CPU
	EndGlobalSection
	GlobalSection(ProjectConfigurationPlatforms) = postSolution
		{FCDB7682-83B9-4E39-93E6-F10682AFBBAE}.Debug|Any CPU.ActiveCfg = Debug|Any CPU
		{FCDB7682-83B9-4E39-93E6-F10682AFBBAE}.Debug|Any CPU.Build.0 = Debug|Any CPU
		{FCDB7682-83B9-4E39-93E6-F10682AFBBAE}.Release|Any CPU.ActiveCfg = Release|Any CPU
		{FCDB7682-83B9-4E39-93E6-F10682AFBBAE}.Release|Any CPU.Build.0 = Release|Any CPU
		{A4FB803D-26D1-4CFA-A79A-AA9743FCF5FC}.Debug|Any CPU.ActiveCfg = Debug|Any CPU
		{A4FB803D-26D1-4CFA-A79A-AA9743FCF5FC}.Debug|Any CPU.Build.0 = Debug|Any CPU
		{A4FB803D-26D1-4CFA-A79A-AA9743FCF5FC}.Release|Any CPU.ActiveCfg = Release|Any CPU
		{A4FB803D-26D1-4CFA-A79A-AA9743FCF5FC}.Release|Any CPU.Build.0 = Release|Any CPU
		{F9F567A5-9433-418D-AFA9-C8D51F8871B4}.Debug|Any CPU.ActiveCfg = Debug|Any CPU
		{F9F567A5-9433-418D-AFA9-C8D51F8871B4}.Debug|Any CPU.Build.0 = Debug|Any CPU
		{F9F567A5-9433-418D-AFA9-C8D51F8871B4}.Release|Any CPU.ActiveCfg = Release|Any CPU
		{F9F567A5-9433-418D-AFA9-C8D51F8871B4}.Release|Any CPU.Build.0 = Release|Any CPU
		{E645E33A-2468-44BD-B239-3F56875B343E}.Debug|Any CPU.ActiveCfg = Debug|Any CPU
		{E645E33A-2468-44BD-B239-3F56875B343E}.Debug|Any CPU.Build.0 = Debug|Any CPU
		{E645E33A-2468-44BD-B239-3F56875B343E}.Release|Any CPU.ActiveCfg = Release|Any CPU
		{E645E33A-2468-44BD-B239-3F56875B343E}.Release|Any CPU.Build.0 = Release|Any CPU
		{A78A7FF6-2C9C-4305-82AC-C8C374EB881B}.Debug|Any CPU.ActiveCfg = Debug|Any CPU
		{A78A7FF6-2C9C-4305-82AC-C8C374EB881B}.Debug|Any CPU.Build.0 = Debug|Any CPU
		{A78A7FF6-2C9C-4305-82AC-C8C374EB881B}.Release|Any CPU.ActiveCfg = Release|Any CPU
		{A78A7FF6-2C9C-4305-82AC-C8C374EB881B}.Release|Any CPU.Build.0 = Release|Any CPU
		{5A86DE3A-1B46-4B2C-9AB9-C3BD696878CF}.Debug|Any CPU.ActiveCfg = Debug|Any CPU
		{5A86DE3A-1B46-4B2C-9AB9-C3BD696878CF}.Debug|Any CPU.Build.0 = Debug|Any CPU
		{5A86DE3A-1B46-4B2C-9AB9-C3BD696878CF}.Release|Any CPU.ActiveCfg = Release|Any CPU
		{5A86DE3A-1B46-4B2C-9AB9-C3BD696878CF}.Release|Any CPU.Build.0 = Release|Any CPU
	EndGlobalSection
	GlobalSection(SolutionProperties) = preSolution
		HideSolutionNode = FALSE
	EndGlobalSection
	GlobalSection(ExtensibilityGlobals) = postSolution
		SolutionGuid = {64B8F08F-AE35-415B-A56B-3282A16E7652}
	EndGlobalSection
EndGlobal
